# This file is automatically @generated by Cargo.
# It is not intended for manual editing.
version = 4

[[package]]
name = "tg-capi"
version = "0.3.0"
dependencies = [
 "tg-core",
]

[[package]]
name = "tg-core"
version = "0.3.0"

[[package]]
name = "tg-move"
version = "0.3.0"
dependencies = [
 "tg-core",
]
